// !$*UTF8*$!
{
	archiveVersion = 1;
	classes = {
	};
	objectVersion = 48;
	objects = {

/* Begin PBXBuildFile section */
		4A5FD3F3206CE27600334637 /* AppDelegate.swift in Sources */ = {isa = PBXBuildFile; fileRef = 4A5FD3F2206CE27600334637 /* AppDelegate.swift */; };
		4A5FD3F5206CE27600334637 /* ViewController.swift in Sources */ = {isa = PBXBuildFile; fileRef = 4A5FD3F4206CE27600334637 /* ViewController.swift */; };
		4A5FD3F8206CE27600334637 /* Main.storyboard in Resources */ = {isa = PBXBuildFile; fileRef = 4A5FD3F6206CE27600334637 /* Main.storyboard */; };
		4A5FD3FA206CE27600334637 /* Assets.xcassets in Resources */ = {isa = PBXBuildFile; fileRef = 4A5FD3F9206CE27600334637 /* Assets.xcassets */; };
		4A5FD3FD206CE27600334637 /* LaunchScreen.storyboard in Resources */ = {isa = PBXBuildFile; fileRef = 4A5FD3FB206CE27600334637 /* LaunchScreen.storyboard */; };
		4A5FD408206CEAE000334637 /* MySDK.swift in Sources */ = {isa = PBXBuildFile; fileRef = 4A5FD407206CEAE000334637 /* MySDK.swift */; };
/* End PBXBuildFile section */

/* Begin PBXFileReference section */
		4A5FD3EF206CE27600334637 /* JazzyDemo.app */ = {isa = PBXFileReference; explicitFileType = wrapper.application; includeInIndex = 0; path = JazzyDemo.app; sourceTree = BUILT_PRODUCTS_DIR; };
		4A5FD3F2206CE27600334637 /* AppDelegate.swift */ = {isa = PBXFileReference; lastKnownFileType = sourcecode.swift; path = AppDelegate.swift; sourceTree = "<group>"; };
		4A5FD3F4206CE27600334637 /* ViewController.swift */ = {isa = PBXFileReference; lastKnownFileType = sourcecode.swift; path = ViewController.swift; sourceTree = "<group>"; };
		4A5FD3F7206CE27600334637 /* Base */ = {isa = PBXFileReference; lastKnownFileType = file.storyboard; name = Base; path = Base.lproj/Main.storyboard; sourceTree = "<group>"; };
		4A5FD3F9206CE27600334637 /* Assets.xcassets */ = {isa = PBXFileReference; lastKnownFileType = folder.assetcatalog; path = Assets.xcassets; sourceTree = "<group>"; };
		4A5FD3FC206CE27600334637 /* Base */ = {isa = PBXFileReference; lastKnownFileType = file.storyboard; name = Base; path = Base.lproj/LaunchScreen.storyboard; sourceTree = "<group>"; };
		4A5FD3FE206CE27600334637 /* Info.plist */ = {isa = PBXFileReference; lastKnownFileType = text.plist.xml; path = Info.plist; sourceTree = "<group>"; };
		4A5FD407206CEAE000334637 /* MySDK.swift */ = {isa = PBXFileReference; fileEncoding = 4; lastKnownFileType = sourcecode.swift; path = MySDK.swift; sourceTree = "<group>"; };
/* End PBXFileReference section */

/* Begin PBXFrameworksBuildPhase section */
		4A5FD3EC206CE27600334637 /* Frameworks */ = {
			isa = PBXFrameworksBuildPhase;
			buildActionMask = 2147483647;
			files = (
			);
			runOnlyForDeploymentPostprocessing = 0;
		};
/* End PBXFrameworksBuildPhase section */

/* Begin PBXGroup section */
		4A5FD3E6206CE27600334637 = {
			isa = PBXGroup;
			children = (
				4A5FD3F1206CE27600334637 /* JazzyDemo */,
				4A5FD3F0206CE27600334637 /* Products */,
			);
			sourceTree = "<group>";
		};
		4A5FD3F0206CE27600334637 /* Products */ = {
			isa = PBXGroup;
			children = (
				4A5FD3EF206CE27600334637 /* JazzyDemo.app */,
			);
			name = Products;
			sourceTree = "<group>";
		};
		4A5FD3F1206CE27600334637 /* JazzyDemo */ = {
			isa = PBXGroup;
			children = (
				4A5FD406206CEAE000334637 /* MySDK */,
				4A5FD3F2206CE27600334637 /* AppDelegate.swift */,
				4A5FD3F4206CE27600334637 /* ViewController.swift */,
				4A5FD3F6206CE27600334637 /* Main.storyboard */,
				4A5FD3F9206CE27600334637 /* Assets.xcassets */,
				4A5FD3FB206CE27600334637 /* LaunchScreen.storyboard */,
				4A5FD3FE206CE27600334637 /* Info.plist */,
			);
			path = JazzyDemo;
			sourceTree = "<group>";
		};
		4A5FD406206CEAE000334637 /* MySDK */ = {
			isa = PBXGroup;
			children = (
				4A5FD407206CEAE000334637 /* MySDK.swift */,
			);
			path = MySDK;
			sourceTree = "<group>";
		};
/* End PBXGroup section */

/* Begin PBXNativeTarget section */
		4A5FD3EE206CE27600334637 /* JazzyDemo */ = {
			isa = PBXNativeTarget;
			buildConfigurationList = 4A5FD401206CE27600334637 /* Build configuration list for PBXNativeTarget "JazzyDemo" */;
			buildPhases = (
				4A5FD3EB206CE27600334637 /* Sources */,
				4A5FD3EC206CE27600334637 /* Frameworks */,
				4A5FD3ED206CE27600334637 /* Resources */,
			);
			buildRules = (
			);
			dependencies = (
			);
			name = JazzyDemo;
			productName = JazzyDemo;
			productReference = 4A5FD3EF206CE27600334637 /* JazzyDemo.app */;
			productType = "com.apple.product-type.application";
		};
/* End PBXNativeTarget section */

/* Begin PBXProject section */
		4A5FD3E7206CE27600334637 /* Project object */ = {
			isa = PBXProject;
			attributes = {
				LastSwiftUpdateCheck = 0920;
				LastUpgradeCheck = 0920;
				ORGANIZATIONNAME = CaryZheng;
				TargetAttributes = {
					4A5FD3EE206CE27600334637 = {
						CreatedOnToolsVersion = 9.2;
						ProvisioningStyle = Automatic;
					};
				};
			};
			buildConfigurationList = 4A5FD3EA206CE27600334637 /* Build configuration list for PBXProject "JazzyDemo" */;
			compatibilityVersion = "Xcode 8.0";
			developmentRegion = en;
			hasScannedForEncodings = 0;
			knownRegions = (
				en,
				Base,
			);
			mainGroup = 4A5FD3E6206CE27600334637;
			productRefGroup = 4A5FD3F0206CE27600334637 /* Products */;
			projectDirPath = "";
			projectRoot = "";
			targets = (
				4A5FD3EE206CE27600334637 /* JazzyDemo */,
			);
		};
/* End PBXProject section */

/* Begin PBXResourcesBuildPhase section */
		4A5FD3ED206CE27600334637 /* Resources */ = {
			isa = PBXResourcesBuildPhase;
			buildActionMask = 2147483647;
			files = (
				4A5FD3FD206CE27600334637 /* LaunchScreen.storyboard in Resources */,
				4A5FD3FA206CE27600334637 /* Assets.xcassets in Resources */,
				4A5FD3F8206CE27600334637 /* Main.storyboard in Resources */,
			);
			runOnlyForDeploymentPostprocessing = 0;
		};
/* End PBXResourcesBuildPhase section */

/* Begin PBXSourcesBuildPhase section */
		4A5FD3EB206CE27600334637 /* Sources */ = {
			isa = PBXSourcesBuildPhase;
			buildActionMask = 2147483647;
			files = (
				4A5FD3F5206CE27600334637 /* ViewController.swift in Sources */,
				4A5FD3F3206CE27600334637 /* AppDelegate.swift in Sources */,
				4A5FD408206CEAE000334637 /* MySDK.swift in Sources */,
			);
			runOnlyForDeploymentPostprocessing = 0;
		};
/* End PBXSourcesBuildPhase section */

/* Begin PBXVariantGroup section */
		4A5FD3F6206CE27600334637 /* Main.storyboard */ = {
			isa = PBXVariantGroup;
			children = (
				4A5FD3F7206CE27600334637 /* Base */,
			);
			name = Main.storyboard;
			sourceTree = "<group>";
		};
		4A5FD3FB206CE27600334637 /* LaunchScreen.storyboard */ = {
			isa = PBXVariantGroup;
			children = (
				4A5FD3FC206CE27600334637 /* Base */,
			);
			name = LaunchScreen.storyboard;
			sourceTree = "<group>";
		};
/* End PBXVariantGroup section */

/* Begin XCBuildConfiguration section */
		4A5FD3FF206CE27600334637 /* Debug */ = {
			isa = XCBuildConfiguration;
			buildSettings = {
				ALWAYS_SEARCH_USER_PATHS = NO;
				CLANG_ANALYZER_NONNULL = YES;
				CLANG_ANALYZER_NUMBER_OBJECT_CONVERSION = YES_AGGRESSIVE;
				CLANG_CXX_LANGUAGE_STANDARD = "gnu++14";
				CLANG_CXX_LIBRARY = "libc++";
				CLANG_ENABLE_MODULES = YES;
				CLANG_ENABLE_OBJC_ARC = YES;
				CLANG_WARN_BLOCK_CAPTURE_AUTORELEASING = YES;
				CLANG_WARN_BOOL_CONVERSION = YES;
				CLANG_WARN_COMMA = YES;
				CLANG_WARN_CONSTANT_CONVERSION = YES;
				CLANG_WARN_DIRECT_OBJC_ISA_USAGE = YES_ERROR;
				CLANG_WARN_DOCUMENTATION_COMMENTS = YES;
				CLANG_WARN_EMPTY_BODY = YES;
				CLANG_WARN_ENUM_CONVERSION = YES;
				CLANG_WARN_INFINITE_RECURSION = YES;
				CLANG_WARN_INT_CONVERSION = YES;
				CLANG_WARN_NON_LITERAL_NULL_CONVERSION = YES;
				CLANG_WARN_OBJC_LITERAL_CONVERSION = YES;
				CLANG_WARN_OBJC_ROOT_CLASS = YES_ERROR;
				CLANG_WARN_RANGE_LOOP_ANALYSIS = YES;
				CLANG_WARN_STRICT_PROTOTYPES = YES;
				CLANG_WARN_SUSPICIOUS_MOVE = YES;
				CLANG_WARN_UNGUARDED_AVAILABILITY = YES_AGGRESSIVE;
				CLANG_WARN_UNREACHABLE_CODE = YES;
				CLANG_WARN__DUPLICATE_METHOD_MATCH = YES;
				CODE_SIGN_IDENTITY = "iPhone Developer";
				COPY_PHASE_STRIP = NO;
				DEBUG_INFORMATION_FORMAT = dwarf;
				ENABLE_STRICT_OBJC_MSGSEND = YES;
				ENABLE_TESTABILITY = YES;
				GCC_C_LANGUAGE_STANDARD = gnu11;
				GCC_DYNAMIC_NO_PIC = NO;
				GCC_NO_COMMON_BLOCKS = YES;
				GCC_OPTIMIZATION_LEVEL = 0;
				GCC_PREPROCESSOR_DEFINITIONS = (
					"DEBUG=1",
					"$(inherited)",
				);
				GCC_WARN_64_TO_32_BIT_CONVERSION = YES;
				GCC_WARN_ABOUT_RETURN_TYPE = YES_ERROR;
				GCC_WARN_UNDECLARED_SELECTOR = YES;
				GCC_WARN_UNINITIALIZED_AUTOS = YES_AGGRESSIVE;
				GCC_WARN_UNUSED_FUNCTION = YES;
				GCC_WARN_UNUSED_VARIABLE = YES;
				IPHONEOS_DEPLOYMENT_TARGET = 11.2;
				MTL_ENABLE_DEBUG_INFO = YES;
				ONLY_ACTIVE_ARCH = YES;
				SDKROOT = iphoneos;
				SWIFT_ACTIVE_COMPILATION_CONDITIONS = DEBUG;
				SWIFT_OPTIMIZATION_LEVEL = "-Onone";
			};
			name = Debug;
		};
		4A5FD400206CE27600334637 /* Release */ = {
			isa = XCBuildConfiguration;
			buildSettings = {
				ALWAYS_SEARCH_USER_PATHS = NO;
				CLANG_ANALYZER_NONNULL = YES;
				CLANG_ANALYZER_NUMBER_OBJECT_CONVERSION = YES_AGGRESSIVE;
				CLANG_CXX_LANGUAGE_STANDARD = "gnu++14";
				CLANG_CXX_LIBRARY = "libc++";
				CLANG_ENABLE_MODULES = YES;
				CLANG_ENABLE_OBJC_ARC = YES;
				CLANG_WARN_BLOCK_CAPTURE_AUTORELEASING = YES;
				CLANG_WARN_BOOL_CONVERSION = YES;
				CLANG_WARN_COMMA = YES;
				CLANG_WARN_CONSTANT_CONVERSION = YES;
				CLANG_WARN_DIRECT_OBJC_ISA_USAGE = YES_ERROR;
				CLANG_WARN_DOCUMENTATION_COMMENTS = YES;
				CLANG_WARN_EMPTY_BODY = YES;
				CLANG_WARN_ENUM_CONVERSION = YES;
				CLANG_WARN_INFINITE_RECURSION = YES;
				CLANG_WARN_INT_CONVERSION = YES;
				CLANG_WARN_NON_LITERAL_NULL_CONVERSION = YES;
				CLANG_WARN_OBJC_LITERAL_CONVERSION = YES;
				CLANG_WARN_OBJC_ROOT_CLASS = YES_ERROR;
				CLANG_WARN_RANGE_LOOP_ANALYSIS = YES;
				CLANG_WARN_STRICT_PROTOTYPES = YES;
				CLANG_WARN_SUSPICIOUS_MOVE = YES;
				CLANG_WARN_UNGUARDED_AVAILABILITY = YES_AGGRESSIVE;
				CLANG_WARN_UNREACHABLE_CODE = YES;
				CLANG_WARN__DUPLICATE_METHOD_MATCH = YES;
				CODE_SIGN_IDENTITY = "iPhone Developer";
				COPY_PHASE_STRIP = NO;
				DEBUG_INFORMATION_FORMAT = "dwarf-with-dsym";
				ENABLE_NS_ASSERTIONS = NO;
				ENABLE_STRICT_OBJC_MSGSEND = YES;
				GCC_C_LANGUAGE_STANDARD = gnu11;
				GCC_NO_COMMON_BLOCKS = YES;
				GCC_WARN_64_TO_32_BIT_CONVERSION = YES;
				GCC_WARN_ABOUT_RETURN_TYPE = YES_ERROR;
				GCC_WARN_UNDECLARED_SELECTOR = YES;
				GCC_WARN_UNINITIALIZED_AUTOS = YES_AGGRESSIVE;
				GCC_WARN_UNUSED_FUNCTION = YES;
				GCC_WARN_UNUSED_VARIABLE = YES;
				IPHONEOS_DEPLOYMENT_TARGET = 11.2;
				MTL_ENABLE_DEBUG_INFO = NO;
				SDKROOT = iphoneos;
				SWIFT_OPTIMIZATION_LEVEL = "-Owholemodule";
				VALIDATE_PRODUCT = YES;
			};
			name = Release;
		};
		4A5FD402206CE27600334637 /* Debug */ = {
			isa = XCBuildConfiguration;
			buildSettings = {
				ASSETCATALOG_COMPILER_APPICON_NAME = AppIcon;
				CODE_SIGN_STYLE = Automatic;
				INFOPLIST_FILE = JazzyDemo/Info.plist;
				LD_RUNPATH_SEARCH_PATHS = "$(inherited) @executable_path/Frameworks";
				PRODUCT_BUNDLE_IDENTIFIER = com.zzb.JazzyDemo;
				PRODUCT_NAME = "$(TARGET_NAME)";
				SWIFT_VERSION = 4.0;
				TARGETED_DEVICE_FAMILY = "1,2";
			};
			name = Debug;
		};
		4A5FD403206CE27600334637 /* Release */ = {
			isa = XCBuildConfiguration;
			buildSettings = {
				ASSETCATALOG_COMPILER_APPICON_NAME = AppIcon;
				CODE_SIGN_STYLE = Automatic;
				INFOPLIST_FILE = JazzyDemo/Info.plist;
				LD_RUNPATH_SEARCH_PATHS = "$(inherited) @executable_path/Frameworks";
				PRODUCT_BUNDLE_IDENTIFIER = com.zzb.JazzyDemo;
				PRODUCT_NAME = "$(TARGET_NAME)";
				SWIFT_VERSION = 4.0;
				TARGETED_DEVICE_FAMILY = "1,2";
			};
			name = Release;
		};
/* End XCBuildConfiguration section */

/* Begin XCConfigurationList section */
		4A5FD3EA206CE27600334637 /* Build configuration list for PBXProject "JazzyDemo" */ = {
			isa = XCConfigurationList;
			buildConfigurations = (
				4A5FD3FF206CE27600334637 /* Debug */,
				4A5FD400206CE27600334637 /* Release */,
			);
			defaultConfigurationIsVisible = 0;
			defaultConfigurationName = Release;
		};
		4A5FD401206CE27600334637 /* Build configuration list for PBXNativeTarget "JazzyDemo" */ = {
			isa = XCConfigurationList;
			buildConfigurations = (
				4A5FD402206CE27600334637 /* Debug */,
				4A5FD403206CE27600334637 /* Release */,
			);
			defaultConfigurationIsVisible = 0;
			defaultConfigurationName = Release;
		};
/* End XCConfigurationList section */
	};
	rootObject = 4A5FD3E7206CE27600334637 /* Project object */;
}
